// !$*UTF8*$!
{
	archiveVersion = 1;
	classes = {
	};
	objectVersion = 48;
	objects = {

/* Begin PBXBuildFile section */
		662599305F28D10B77D65F62 /* Pods_TestExercise.framework in Frameworks */ = {isa = PBXBuildFile; fileRef = 1EF897920E2B59443459FDBB /* Pods_TestExercise.framework */; };
		8444F49A200105F700C7735D /* CoreDataRepository.swift in Sources */ = {isa = PBXBuildFile; fileRef = 8444F499200105F700C7735D /* CoreDataRepository.swift */; };
		8444F49D2001071400C7735D /* SavedUserData.swift in Sources */ = {isa = PBXBuildFile; fileRef = 8444F49C2001071400C7735D /* SavedUserData.swift */; };
		8444F49F200160E900C7735D /* UserListDataService.swift in Sources */ = {isa = PBXBuildFile; fileRef = 8444F49E200160E900C7735D /* UserListDataService.swift */; };
		845BBC0A1FF53990006DCD39 /* UserDataJsonModel.swift in Sources */ = {isa = PBXBuildFile; fileRef = 845BBC091FF53990006DCD39 /* UserDataJsonModel.swift */; };
		8468A1FE2003A5C600904006 /* DropDownView.swift in Sources */ = {isa = PBXBuildFile; fileRef = 8468A1FD2003A5C600904006 /* DropDownView.swift */; };
		847A7B2D1FF076A200F386B3 /* AppDelegate.swift in Sources */ = {isa = PBXBuildFile; fileRef = 847A7B2C1FF076A200F386B3 /* AppDelegate.swift */; };
		847A7B2F1FF076A200F386B3 /* UsersListViewController.swift in Sources */ = {isa = PBXBuildFile; fileRef = 847A7B2E1FF076A200F386B3 /* UsersListViewController.swift */; };
		847A7B321FF076A200F386B3 /* Main.storyboard in Resources */ = {isa = PBXBuildFile; fileRef = 847A7B301FF076A200F386B3 /* Main.storyboard */; };
		847A7B351FF076A200F386B3 /* TestExercise.xcdatamodeld in Sources */ = {isa = PBXBuildFile; fileRef = 847A7B331FF076A200F386B3 /* TestExercise.xcdatamodeld */; };
		847A7B371FF076A200F386B3 /* Assets.xcassets in Resources */ = {isa = PBXBuildFile; fileRef = 847A7B361FF076A200F386B3 /* Assets.xcassets */; };
		847A7B3A1FF076A200F386B3 /* LaunchScreen.storyboard in Resources */ = {isa = PBXBuildFile; fileRef = 847A7B381FF076A200F386B3 /* LaunchScreen.storyboard */; };
		847A7B471FF07C7F00F386B3 /* Address.swift in Sources */ = {isa = PBXBuildFile; fileRef = 847A7B431FF07C7F00F386B3 /* Address.swift */; };
		847A7B481FF07C7F00F386B3 /* Geo.swift in Sources */ = {isa = PBXBuildFile; fileRef = 847A7B441FF07C7F00F386B3 /* Geo.swift */; };
		847A7B4A1FF07C7F00F386B3 /* Company.swift in Sources */ = {isa = PBXBuildFile; fileRef = 847A7B461FF07C7F00F386B3 /* Company.swift */; };
		847FA6F120056025008D8DDC /* ShortUserDataTableViewCell.xib in Resources */ = {isa = PBXBuildFile; fileRef = 847FA6EF20056025008D8DDC /* ShortUserDataTableViewCell.xib */; };
		84E33B2F1FFD98CC005082A7 /* ShortUserDataTableViewCell.swift in Sources */ = {isa = PBXBuildFile; fileRef = 84E33B2E1FFD98CC005082A7 /* ShortUserDataTableViewCell.swift */; };
		84E33B321FFD9DB1005082A7 /* UsersApiService.swift in Sources */ = {isa = PBXBuildFile; fileRef = 84E33B311FFD9DB1005082A7 /* UsersApiService.swift */; };
		84E4332C1FFED535007BC8EB /* UserDataModel.swift in Sources */ = {isa = PBXBuildFile; fileRef = 84E4332B1FFED535007BC8EB /* UserDataModel.swift */; };
		84E4332F1FFEE050007BC8EB /* UserDetailsViewController.swift in Sources */ = {isa = PBXBuildFile; fileRef = 84E4332E1FFEE050007BC8EB /* UserDetailsViewController.swift */; };
/* End PBXBuildFile section */

/* Begin PBXFileReference section */
		1EF897920E2B59443459FDBB /* Pods_TestExercise.framework */ = {isa = PBXFileReference; explicitFileType = wrapper.framework; includeInIndex = 0; path = Pods_TestExercise.framework; sourceTree = BUILT_PRODUCTS_DIR; };
		3FFC3A62EC222C7909E439E4 /* Pods-TestExercise.release.xcconfig */ = {isa = PBXFileReference; includeInIndex = 1; lastKnownFileType = text.xcconfig; name = "Pods-TestExercise.release.xcconfig"; path = "Pods/Target Support Files/Pods-TestExercise/Pods-TestExercise.release.xcconfig"; sourceTree = "<group>"; };
		8444F499200105F700C7735D /* CoreDataRepository.swift */ = {isa = PBXFileReference; lastKnownFileType = sourcecode.swift; path = CoreDataRepository.swift; sourceTree = "<group>"; };
		8444F49C2001071400C7735D /* SavedUserData.swift */ = {isa = PBXFileReference; lastKnownFileType = sourcecode.swift; path = SavedUserData.swift; sourceTree = "<group>"; };
		8444F49E200160E900C7735D /* UserListDataService.swift */ = {isa = PBXFileReference; lastKnownFileType = sourcecode.swift; path = UserListDataService.swift; sourceTree = "<group>"; };
		845BBC091FF53990006DCD39 /* UserDataJsonModel.swift */ = {isa = PBXFileReference; fileEncoding = 4; lastKnownFileType = sourcecode.swift; path = UserDataJsonModel.swift; sourceTree = "<group>"; };
		8468A1FD2003A5C600904006 /* DropDownView.swift */ = {isa = PBXFileReference; lastKnownFileType = sourcecode.swift; path = DropDownView.swift; sourceTree = "<group>"; };
		847A7B291FF076A200F386B3 /* TestExercise.app */ = {isa = PBXFileReference; explicitFileType = wrapper.application; includeInIndex = 0; path = TestExercise.app; sourceTree = BUILT_PRODUCTS_DIR; };
		847A7B2C1FF076A200F386B3 /* AppDelegate.swift */ = {isa = PBXFileReference; lastKnownFileType = sourcecode.swift; path = AppDelegate.swift; sourceTree = "<group>"; };
		847A7B2E1FF076A200F386B3 /* UsersListViewController.swift */ = {isa = PBXFileReference; lastKnownFileType = sourcecode.swift; path = UsersListViewController.swift; sourceTree = "<group>"; };
		847A7B311FF076A200F386B3 /* Base */ = {isa = PBXFileReference; lastKnownFileType = file.storyboard; name = Base; path = Base.lproj/Main.storyboard; sourceTree = "<group>"; };
		847A7B341FF076A200F386B3 /* TestExercise.xcdatamodel */ = {isa = PBXFileReference; lastKnownFileType = wrapper.xcdatamodel; path = TestExercise.xcdatamodel; sourceTree = "<group>"; };
		847A7B361FF076A200F386B3 /* Assets.xcassets */ = {isa = PBXFileReference; lastKnownFileType = folder.assetcatalog; path = Assets.xcassets; sourceTree = "<group>"; };
		847A7B391FF076A200F386B3 /* Base */ = {isa = PBXFileReference; lastKnownFileType = file.storyboard; name = Base; path = Base.lproj/LaunchScreen.storyboard; sourceTree = "<group>"; };
		847A7B3B1FF076A200F386B3 /* Info.plist */ = {isa = PBXFileReference; lastKnownFileType = text.plist.xml; path = Info.plist; sourceTree = "<group>"; };
		847A7B431FF07C7F00F386B3 /* Address.swift */ = {isa = PBXFileReference; fileEncoding = 4; lastKnownFileType = sourcecode.swift; path = Address.swift; sourceTree = "<group>"; };
		847A7B441FF07C7F00F386B3 /* Geo.swift */ = {isa = PBXFileReference; fileEncoding = 4; lastKnownFileType = sourcecode.swift; path = Geo.swift; sourceTree = "<group>"; };
		847A7B461FF07C7F00F386B3 /* Company.swift */ = {isa = PBXFileReference; fileEncoding = 4; lastKnownFileType = sourcecode.swift; path = Company.swift; sourceTree = "<group>"; };
		847FA6EF20056025008D8DDC /* ShortUserDataTableViewCell.xib */ = {isa = PBXFileReference; lastKnownFileType = file.xib; path = ShortUserDataTableViewCell.xib; sourceTree = "<group>"; };
		84E33B2E1FFD98CC005082A7 /* ShortUserDataTableViewCell.swift */ = {isa = PBXFileReference; lastKnownFileType = sourcecode.swift; path = ShortUserDataTableViewCell.swift; sourceTree = "<group>"; };
		84E33B311FFD9DB1005082A7 /* UsersApiService.swift */ = {isa = PBXFileReference; lastKnownFileType = sourcecode.swift; path = UsersApiService.swift; sourceTree = "<group>"; };
		84E4332B1FFED535007BC8EB /* UserDataModel.swift */ = {isa = PBXFileReference; lastKnownFileType = sourcecode.swift; path = UserDataModel.swift; sourceTree = "<group>"; };
		84E4332E1FFEE050007BC8EB /* UserDetailsViewController.swift */ = {isa = PBXFileReference; lastKnownFileType = sourcecode.swift; path = UserDetailsViewController.swift; sourceTree = "<group>"; };
		B43BCB7B9573543E0BEE7062 /* Pods-TestExercise.debug.xcconfig */ = {isa = PBXFileReference; includeInIndex = 1; lastKnownFileType = text.xcconfig; name = "Pods-TestExercise.debug.xcconfig"; path = "Pods/Target Support Files/Pods-TestExercise/Pods-TestExercise.debug.xcconfig"; sourceTree = "<group>"; };
/* End PBXFileReference section */

/* Begin PBXFrameworksBuildPhase section */
		847A7B261FF076A200F386B3 /* Frameworks */ = {
			isa = PBXFrameworksBuildPhase;
			buildActionMask = 2147483647;
			files = (
				662599305F28D10B77D65F62 /* Pods_TestExercise.framework in Frameworks */,
			);
			runOnlyForDeploymentPostprocessing = 0;
		};
/* End PBXFrameworksBuildPhase section */

/* Begin PBXGroup section */
		8444F49B200106DE00C7735D /* Repository */ = {
			isa = PBXGroup;
			children = (
				8444F499200105F700C7735D /* CoreDataRepository.swift */,
				8444F49C2001071400C7735D /* SavedUserData.swift */,
			);
			path = Repository;
			sourceTree = "<group>";
		};
		847A7B201FF076A100F386B3 = {
			isa = PBXGroup;
			children = (
				847A7B2B1FF076A200F386B3 /* TestExercise */,
				847A7B2A1FF076A200F386B3 /* Products */,
				AE069AFCC80B9758940D9143 /* Pods */,
				B5E808299D2338DB2FE05E81 /* Frameworks */,
			);
			sourceTree = "<group>";
		};
		847A7B2A1FF076A200F386B3 /* Products */ = {
			isa = PBXGroup;
			children = (
				847A7B291FF076A200F386B3 /* TestExercise.app */,
			);
			name = Products;
			sourceTree = "<group>";
		};
		847A7B2B1FF076A200F386B3 /* TestExercise */ = {
			isa = PBXGroup;
			children = (
				8444F49B200106DE00C7735D /* Repository */,
				84E4332D1FFEDFF2007BC8EB /* UserDetailsScreen */,
				84E33B301FFD9D88005082A7 /* Services */,
				84E33B2D1FFD989A005082A7 /* UsersListScreen */,
				847A7B421FF07BD100F386B3 /* Models */,
				847A7B411FF076F300F386B3 /* CommonFiles */,
				847A7B331FF076A200F386B3 /* TestExercise.xcdatamodeld */,
			);
			path = TestExercise;
			sourceTree = "<group>";
		};
		847A7B411FF076F300F386B3 /* CommonFiles */ = {
			isa = PBXGroup;
			children = (
				847A7B301FF076A200F386B3 /* Main.storyboard */,
				847A7B361FF076A200F386B3 /* Assets.xcassets */,
				847A7B3B1FF076A200F386B3 /* Info.plist */,
				847A7B381FF076A200F386B3 /* LaunchScreen.storyboard */,
				847A7B2C1FF076A200F386B3 /* AppDelegate.swift */,
			);
			name = CommonFiles;
			sourceTree = "<group>";
		};
		847A7B421FF07BD100F386B3 /* Models */ = {
			isa = PBXGroup;
			children = (
				847A7B431FF07C7F00F386B3 /* Address.swift */,
				847A7B461FF07C7F00F386B3 /* Company.swift */,
				847A7B441FF07C7F00F386B3 /* Geo.swift */,
				845BBC091FF53990006DCD39 /* UserDataJsonModel.swift */,
				84E4332B1FFED535007BC8EB /* UserDataModel.swift */,
			);
			path = Models;
			sourceTree = "<group>";
		};
		84E33B2D1FFD989A005082A7 /* UsersListScreen */ = {
			isa = PBXGroup;
			children = (
				847A7B2E1FF076A200F386B3 /* UsersListViewController.swift */,
				84E33B2E1FFD98CC005082A7 /* ShortUserDataTableViewCell.swift */,
				8444F49E200160E900C7735D /* UserListDataService.swift */,
				847FA6EF20056025008D8DDC /* ShortUserDataTableViewCell.xib */,
			);
			path = UsersListScreen;
			sourceTree = "<group>";
		};
		84E33B301FFD9D88005082A7 /* Services */ = {
			isa = PBXGroup;
			children = (
				84E33B311FFD9DB1005082A7 /* UsersApiService.swift */,
			);
			path = Services;
			sourceTree = "<group>";
		};
		84E4332D1FFEDFF2007BC8EB /* UserDetailsScreen */ = {
			isa = PBXGroup;
			children = (
				84E4332E1FFEE050007BC8EB /* UserDetailsViewController.swift */,
				8468A1FD2003A5C600904006 /* DropDownView.swift */,
			);
			path = UserDetailsScreen;
			sourceTree = "<group>";
		};
		AE069AFCC80B9758940D9143 /* Pods */ = {
			isa = PBXGroup;
			children = (
				B43BCB7B9573543E0BEE7062 /* Pods-TestExercise.debug.xcconfig */,
				3FFC3A62EC222C7909E439E4 /* Pods-TestExercise.release.xcconfig */,
			);
			name = Pods;
			sourceTree = "<group>";
		};
		B5E808299D2338DB2FE05E81 /* Frameworks */ = {
			isa = PBXGroup;
			children = (
				1EF897920E2B59443459FDBB /* Pods_TestExercise.framework */,
			);
			name = Frameworks;
			sourceTree = "<group>";
		};
/* End PBXGroup section */

/* Begin PBXNativeTarget section */
		847A7B281FF076A200F386B3 /* TestExercise */ = {
			isa = PBXNativeTarget;
			buildConfigurationList = 847A7B3E1FF076A200F386B3 /* Build configuration list for PBXNativeTarget "TestExercise" */;
			buildPhases = (
				493E7B88C12D9E3A86EED6D4 /* [CP] Check Pods Manifest.lock */,
				847A7B251FF076A200F386B3 /* Sources */,
				847A7B261FF076A200F386B3 /* Frameworks */,
				847A7B271FF076A200F386B3 /* Resources */,
				6A5CDB6E1119359109250325 /* [CP] Embed Pods Frameworks */,
				7DF96EC140C00D151E6E5A4B /* [CP] Copy Pods Resources */,
			);
			buildRules = (
			);
			dependencies = (
			);
			name = TestExercise;
			productName = TestExercise;
			productReference = 847A7B291FF076A200F386B3 /* TestExercise.app */;
			productType = "com.apple.product-type.application";
		};
/* End PBXNativeTarget section */

/* Begin PBXProject section */
		847A7B211FF076A100F386B3 /* Project object */ = {
			isa = PBXProject;
			attributes = {
				LastSwiftUpdateCheck = 0920;
				LastUpgradeCheck = 0920;
				ORGANIZATIONNAME = Admin;
				TargetAttributes = {
					847A7B281FF076A200F386B3 = {
						CreatedOnToolsVersion = 9.2;
						ProvisioningStyle = Automatic;
					};
				};
			};
			buildConfigurationList = 847A7B241FF076A100F386B3 /* Build configuration list for PBXProject "TestExercise" */;
			compatibilityVersion = "Xcode 8.0";
			developmentRegion = en;
			hasScannedForEncodings = 0;
			knownRegions = (
				en,
				Base,
			);
			mainGroup = 847A7B201FF076A100F386B3;
			productRefGroup = 847A7B2A1FF076A200F386B3 /* Products */;
			projectDirPath = "";
			projectRoot = "";
			targets = (
				847A7B281FF076A200F386B3 /* TestExercise */,
			);
		};
/* End PBXProject section */

/* Begin PBXResourcesBuildPhase section */
		847A7B271FF076A200F386B3 /* Resources */ = {
			isa = PBXResourcesBuildPhase;
			buildActionMask = 2147483647;
			files = (
				847A7B3A1FF076A200F386B3 /* LaunchScreen.storyboard in Resources */,
				847A7B371FF076A200F386B3 /* Assets.xcassets in Resources */,
				847FA6F120056025008D8DDC /* ShortUserDataTableViewCell.xib in Resources */,
				847A7B321FF076A200F386B3 /* Main.storyboard in Resources */,
			);
			runOnlyForDeploymentPostprocessing = 0;
		};
/* End PBXResourcesBuildPhase section */

/* Begin PBXShellScriptBuildPhase section */
		493E7B88C12D9E3A86EED6D4 /* [CP] Check Pods Manifest.lock */ = {
			isa = PBXShellScriptBuildPhase;
			buildActionMask = 2147483647;
			files = (
			);
			inputPaths = (
				"${PODS_PODFILE_DIR_PATH}/Podfile.lock",
				"${PODS_ROOT}/Manifest.lock",
			);
			name = "[CP] Check Pods Manifest.lock";
			outputPaths = (
				"$(DERIVED_FILE_DIR)/Pods-TestExercise-checkManifestLockResult.txt",
			);
			runOnlyForDeploymentPostprocessing = 0;
			shellPath = /bin/sh;
			shellScript = "diff \"${PODS_PODFILE_DIR_PATH}/Podfile.lock\" \"${PODS_ROOT}/Manifest.lock\" > /dev/null\nif [ $? != 0 ] ; then\n    # print error to STDERR\n    echo \"error: The sandbox is not in sync with the Podfile.lock. Run 'pod install' or update your CocoaPods installation.\" >&2\n    exit 1\nfi\n# This output is used by Xcode 'outputs' to avoid re-running this script phase.\necho \"SUCCESS\" > \"${SCRIPT_OUTPUT_FILE_0}\"\n";
			showEnvVarsInLog = 0;
		};
		6A5CDB6E1119359109250325 /* [CP] Embed Pods Frameworks */ = {
			isa = PBXShellScriptBuildPhase;
			buildActionMask = 2147483647;
			files = (
			);
			inputPaths = (
				"${SRCROOT}/Pods/Target Support Files/Pods-TestExercise/Pods-TestExercise-frameworks.sh",
				"${BUILT_PRODUCTS_DIR}/Alamofire/Alamofire.framework",
				"${BUILT_PRODUCTS_DIR}/Moya/Moya.framework",
				"${BUILT_PRODUCTS_DIR}/Result/Result.framework",
			);
			name = "[CP] Embed Pods Frameworks";
			outputPaths = (
				"${TARGET_BUILD_DIR}/${FRAMEWORKS_FOLDER_PATH}/Alamofire.framework",
				"${TARGET_BUILD_DIR}/${FRAMEWORKS_FOLDER_PATH}/Moya.framework",
				"${TARGET_BUILD_DIR}/${FRAMEWORKS_FOLDER_PATH}/Result.framework",
			);
			runOnlyForDeploymentPostprocessing = 0;
			shellPath = /bin/sh;
			shellScript = "\"${SRCROOT}/Pods/Target Support Files/Pods-TestExercise/Pods-TestExercise-frameworks.sh\"\n";
			showEnvVarsInLog = 0;
		};
		7DF96EC140C00D151E6E5A4B /* [CP] Copy Pods Resources */ = {
			isa = PBXShellScriptBuildPhase;
			buildActionMask = 2147483647;
			files = (
			);
			inputPaths = (
				"${SRCROOT}/Pods/Target Support Files/Pods-TestExercise/Pods-TestExercise-resources.sh",
				"${PODS_ROOT}/GoogleMaps/Maps/Frameworks/GoogleMaps.framework/Resources/GoogleMaps.bundle",
			);
			name = "[CP] Copy Pods Resources";
			outputPaths = (
				"${TARGET_BUILD_DIR}/${UNLOCALIZED_RESOURCES_FOLDER_PATH}",
			);
			runOnlyForDeploymentPostprocessing = 0;
			shellPath = /bin/sh;
			shellScript = "\"${SRCROOT}/Pods/Target Support Files/Pods-TestExercise/Pods-TestExercise-resources.sh\"\n";
			showEnvVarsInLog = 0;
		};
/* End PBXShellScriptBuildPhase section */

/* Begin PBXSourcesBuildPhase section */
		847A7B251FF076A200F386B3 /* Sources */ = {
			isa = PBXSourcesBuildPhase;
			buildActionMask = 2147483647;
			files = (
				847A7B2F1FF076A200F386B3 /* UsersListViewController.swift in Sources */,
				847A7B351FF076A200F386B3 /* TestExercise.xcdatamodeld in Sources */,
				84E4332C1FFED535007BC8EB /* UserDataModel.swift in Sources */,
				847A7B471FF07C7F00F386B3 /* Address.swift in Sources */,
				84E33B321FFD9DB1005082A7 /* UsersApiService.swift in Sources */,
				847A7B2D1FF076A200F386B3 /* AppDelegate.swift in Sources */,
				845BBC0A1FF53990006DCD39 /* UserDataJsonModel.swift in Sources */,
				847A7B4A1FF07C7F00F386B3 /* Company.swift in Sources */,
				8444F49D2001071400C7735D /* SavedUserData.swift in Sources */,
				84E4332F1FFEE050007BC8EB /* UserDetailsViewController.swift in Sources */,
				84E33B2F1FFD98CC005082A7 /* ShortUserDataTableViewCell.swift in Sources */,
				8468A1FE2003A5C600904006 /* DropDownView.swift in Sources */,
				8444F49A200105F700C7735D /* CoreDataRepository.swift in Sources */,
				8444F49F200160E900C7735D /* UserListDataService.swift in Sources */,
				847A7B481FF07C7F00F386B3 /* Geo.swift in Sources */,
			);
			runOnlyForDeploymentPostprocessing = 0;
		};
/* End PBXSourcesBuildPhase section */

/* Begin PBXVariantGroup section */
		847A7B301FF076A200F386B3 /* Main.storyboard */ = {
			isa = PBXVariantGroup;
			children = (
				847A7B311FF076A200F386B3 /* Base */,
			);
			name = Main.storyboard;
			sourceTree = "<group>";
		};
		847A7B381FF076A200F386B3 /* LaunchScreen.storyboard */ = {
			isa = PBXVariantGroup;
			children = (
				847A7B391FF076A200F386B3 /* Base */,
			);
			name = LaunchScreen.storyboard;
			sourceTree = "<group>";
		};
/* End PBXVariantGroup section */

/* Begin XCBuildConfiguration section */
		847A7B3C1FF076A200F386B3 /* Debug */ = {
			isa = XCBuildConfiguration;
			buildSettings = {
				ALWAYS_SEARCH_USER_PATHS = NO;
				CLANG_ANALYZER_NONNULL = YES;
				CLANG_ANALYZER_NUMBER_OBJECT_CONVERSION = YES_AGGRESSIVE;
				CLANG_CXX_LANGUAGE_STANDARD = "gnu++14";
				CLANG_CXX_LIBRARY = "libc++";
				CLANG_ENABLE_MODULES = YES;
				CLANG_ENABLE_OBJC_ARC = YES;
				CLANG_WARN_BLOCK_CAPTURE_AUTORELEASING = YES;
				CLANG_WARN_BOOL_CONVERSION = YES;
				CLANG_WARN_COMMA = YES;
				CLANG_WARN_CONSTANT_CONVERSION = YES;
				CLANG_WARN_DIRECT_OBJC_ISA_USAGE = YES_ERROR;
				CLANG_WARN_DOCUMENTATION_COMMENTS = YES;
				CLANG_WARN_EMPTY_BODY = YES;
				CLANG_WARN_ENUM_CONVERSION = YES;
				CLANG_WARN_INFINITE_RECURSION = YES;
				CLANG_WARN_INT_CONVERSION = YES;
				CLANG_WARN_NON_LITERAL_NULL_CONVERSION = YES;
				CLANG_WARN_OBJC_LITERAL_CONVERSION = YES;
				CLANG_WARN_OBJC_ROOT_CLASS = YES_ERROR;
				CLANG_WARN_RANGE_LOOP_ANALYSIS = YES;
				CLANG_WARN_STRICT_PROTOTYPES = YES;
				CLANG_WARN_SUSPICIOUS_MOVE = YES;
				CLANG_WARN_UNGUARDED_AVAILABILITY = YES_AGGRESSIVE;
				CLANG_WARN_UNREACHABLE_CODE = YES;
				CLANG_WARN__DUPLICATE_METHOD_MATCH = YES;
				CODE_SIGN_IDENTITY = "iPhone Developer";
				COPY_PHASE_STRIP = NO;
				DEBUG_INFORMATION_FORMAT = dwarf;
				ENABLE_STRICT_OBJC_MSGSEND = YES;
				ENABLE_TESTABILITY = YES;
				GCC_C_LANGUAGE_STANDARD = gnu11;
				GCC_DYNAMIC_NO_PIC = NO;
				GCC_NO_COMMON_BLOCKS = YES;
				GCC_OPTIMIZATION_LEVEL = 0;
				GCC_PREPROCESSOR_DEFINITIONS = (
					"DEBUG=1",
					"$(inherited)",
				);
				GCC_WARN_64_TO_32_BIT_CONVERSION = YES;
				GCC_WARN_ABOUT_RETURN_TYPE = YES_ERROR;
				GCC_WARN_UNDECLARED_SELECTOR = YES;
				GCC_WARN_UNINITIALIZED_AUTOS = YES_AGGRESSIVE;
				GCC_WARN_UNUSED_FUNCTION = YES;
				GCC_WARN_UNUSED_VARIABLE = YES;
				IPHONEOS_DEPLOYMENT_TARGET = 11.2;
				MTL_ENABLE_DEBUG_INFO = YES;
				ONLY_ACTIVE_ARCH = YES;
				SDKROOT = iphoneos;
				SWIFT_ACTIVE_COMPILATION_CONDITIONS = DEBUG;
				SWIFT_OPTIMIZATION_LEVEL = "-Onone";
			};
			name = Debug;
		};
		847A7B3D1FF076A200F386B3 /* Release */ = {
			isa = XCBuildConfiguration;
			buildSettings = {
				ALWAYS_SEARCH_USER_PATHS = NO;
				CLANG_ANALYZER_NONNULL = YES;
				CLANG_ANALYZER_NUMBER_OBJECT_CONVERSION = YES_AGGRESSIVE;
				CLANG_CXX_LANGUAGE_STANDARD = "gnu++14";
				CLANG_CXX_LIBRARY = "libc++";
				CLANG_ENABLE_MODULES = YES;
				CLANG_ENABLE_OBJC_ARC = YES;
				CLANG_WARN_BLOCK_CAPTURE_AUTORELEASING = YES;
				CLANG_WARN_BOOL_CONVERSION = YES;
				CLANG_WARN_COMMA = YES;
				CLANG_WARN_CONSTANT_CONVERSION = YES;
				CLANG_WARN_DIRECT_OBJC_ISA_USAGE = YES_ERROR;
				CLANG_WARN_DOCUMENTATION_COMMENTS = YES;
				CLANG_WARN_EMPTY_BODY = YES;
				CLANG_WARN_ENUM_CONVERSION = YES;
				CLANG_WARN_INFINITE_RECURSION = YES;
				CLANG_WARN_INT_CONVERSION = YES;
				CLANG_WARN_NON_LITERAL_NULL_CONVERSION = YES;
				CLANG_WARN_OBJC_LITERAL_CONVERSION = YES;
				CLANG_WARN_OBJC_ROOT_CLASS = YES_ERROR;
				CLANG_WARN_RANGE_LOOP_ANALYSIS = YES;
				CLANG_WARN_STRICT_PROTOTYPES = YES;
				CLANG_WARN_SUSPICIOUS_MOVE = YES;
				CLANG_WARN_UNGUARDED_AVAILABILITY = YES_AGGRESSIVE;
				CLANG_WARN_UNREACHABLE_CODE = YES;
				CLANG_WARN__DUPLICATE_METHOD_MATCH = YES;
				CODE_SIGN_IDENTITY = "iPhone Developer";
				COPY_PHASE_STRIP = NO;
				DEBUG_INFORMATION_FORMAT = "dwarf-with-dsym";
				ENABLE_NS_ASSERTIONS = NO;
				ENABLE_STRICT_OBJC_MSGSEND = YES;
				GCC_C_LANGUAGE_STANDARD = gnu11;
				GCC_NO_COMMON_BLOCKS = YES;
				GCC_WARN_64_TO_32_BIT_CONVERSION = YES;
				GCC_WARN_ABOUT_RETURN_TYPE = YES_ERROR;
				GCC_WARN_UNDECLARED_SELECTOR = YES;
				GCC_WARN_UNINITIALIZED_AUTOS = YES_AGGRESSIVE;
				GCC_WARN_UNUSED_FUNCTION = YES;
				GCC_WARN_UNUSED_VARIABLE = YES;
				IPHONEOS_DEPLOYMENT_TARGET = 11.2;
				MTL_ENABLE_DEBUG_INFO = NO;
				SDKROOT = iphoneos;
				SWIFT_OPTIMIZATION_LEVEL = "-Owholemodule";
				VALIDATE_PRODUCT = YES;
			};
			name = Release;
		};
		847A7B3F1FF076A200F386B3 /* Debug */ = {
			isa = XCBuildConfiguration;
			baseConfigurationReference = B43BCB7B9573543E0BEE7062 /* Pods-TestExercise.debug.xcconfig */;
			buildSettings = {
				ASSETCATALOG_COMPILER_APPICON_NAME = AppIcon;
				CODE_SIGN_STYLE = Automatic;
				DEVELOPMENT_TEAM = LXAGFP9DLW;
				INFOPLIST_FILE = TestExercise/Info.plist;
				LD_RUNPATH_SEARCH_PATHS = "$(inherited) @executable_path/Frameworks";
				PRODUCT_BUNDLE_IDENTIFIER = info.vectorov.TestExercise;
				PRODUCT_NAME = "$(TARGET_NAME)";
				SWIFT_VERSION = 4.0;
				TARGETED_DEVICE_FAMILY = "1,2";
			};
			name = Debug;
		};
		847A7B401FF076A200F386B3 /* Release */ = {
			isa = XCBuildConfiguration;
			baseConfigurationReference = 3FFC3A62EC222C7909E439E4 /* Pods-TestExercise.release.xcconfig */;
			buildSettings = {
				ASSETCATALOG_COMPILER_APPICON_NAME = AppIcon;
				CODE_SIGN_STYLE = Automatic;
				DEVELOPMENT_TEAM = LXAGFP9DLW;
				INFOPLIST_FILE = TestExercise/Info.plist;
				LD_RUNPATH_SEARCH_PATHS = "$(inherited) @executable_path/Frameworks";
				PRODUCT_BUNDLE_IDENTIFIER = info.vectorov.TestExercise;
				PRODUCT_NAME = "$(TARGET_NAME)";
				SWIFT_VERSION = 4.0;
				TARGETED_DEVICE_FAMILY = "1,2";
			};
			name = Release;
		};
/* End XCBuildConfiguration section */

/* Begin XCConfigurationList section */
		847A7B241FF076A100F386B3 /* Build configuration list for PBXProject "TestExercise" */ = {
			isa = XCConfigurationList;
			buildConfigurations = (
				847A7B3C1FF076A200F386B3 /* Debug */,
				847A7B3D1FF076A200F386B3 /* Release */,
			);
			defaultConfigurationIsVisible = 0;
			defaultConfigurationName = Release;
		};
		847A7B3E1FF076A200F386B3 /* Build configuration list for PBXNativeTarget "TestExercise" */ = {
			isa = XCConfigurationList;
			buildConfigurations = (
				847A7B3F1FF076A200F386B3 /* Debug */,
				847A7B401FF076A200F386B3 /* Release */,
			);
			defaultConfigurationIsVisible = 0;
			defaultConfigurationName = Release;
		};
/* End XCConfigurationList section */

/* Begin XCVersionGroup section */
		847A7B331FF076A200F386B3 /* TestExercise.xcdatamodeld */ = {
			isa = XCVersionGroup;
			children = (
				847A7B341FF076A200F386B3 /* TestExercise.xcdatamodel */,
			);
			currentVersion = 847A7B341FF076A200F386B3 /* TestExercise.xcdatamodel */;
			path = TestExercise.xcdatamodeld;
			sourceTree = "<group>";
			versionGroupType = wrapper.xcdatamodel;
		};
/* End XCVersionGroup section */
	};
	rootObject = 847A7B211FF076A100F386B3 /* Project object */;
}
